{
  "object": {
    "pins": [
      {
        "package": "BoldButton",
        "repositoryURL": "https://github.com/wiencheck/BoldButton",
        "state": {
          "branch": null,
          "revision": "1d13f85126445f86ad41c725a72d0a527e437e96",
          "version": "0.3.8"
        }
      },
      {
        "package": "DatabaseManager",
        "repositoryURL": "https://github.com/wiencheck/DatabaseManager",
        "state": {
          "branch": null,
          "revision": "f6e12b3e19a5d69b3a79a3f1062e0f30ef536603",
          "version": "1.0.2"
        }
      },
      {
        "package": "SnapKit",
        "repositoryURL": "https://github.com/SnapKit/SnapKit.git",
        "state": {
          "branch": null,
          "revision": "d458564516e5676af9c70b4f4b2a9178294f1bc6",
          "version": "5.0.1"
        }
      }
    ]
  },
  "version": 1
}
