{
  "object": {
    "pins": [
      {
        "package": "BoldButton",
        "repositoryURL": "https://github.com/wiencheck/BoldButton",
        "state": {
          "branch": "master",
          "revision": "4e285cbc0e9aa89adda832f6c14157a16e3b608e",
          "version": null
        }
      },
      {
        "package": "SnapKit",
        "repositoryURL": "https://github.com/SnapKit/SnapKit.git",
        "state": {
          "branch": null,
          "revision": "d458564516e5676af9c70b4f4b2a9178294f1bc6",
          "version": "5.0.1"
        }
      }
    ]
  },
  "version": 1
}
