{
  "object": {
    "pins": [
      {
        "package": "BoldButton",
        "repositoryURL": "https://github.com/wiencheck/BoldButton",
        "state": {
          "branch": null,
          "revision": "e76b50b60841dd9f4ed7fcc5759ba45842904b11",
          "version": "0.3.2"
        }
      },
      {
        "package": "SnapKit",
        "repositoryURL": "https://github.com/SnapKit/SnapKit.git",
        "state": {
          "branch": null,
          "revision": "d458564516e5676af9c70b4f4b2a9178294f1bc6",
          "version": "5.0.1"
        }
      }
    ]
  },
  "version": 1
}
